Microsoft Visual Studio Solution File, Format Version 12.00
# Visual Studio 2012
Project("{FAE04EC0-301F-11D3-BF4B-00C04F79EFBC}") = "Dodge The Creep", "Dodge The Creep.csproj", "{BEBB7E05-924C-4A26-8F36-1A7A984C1577}"
EndProject
Global
	GlobalSection(SolutionConfigurationPlatforms) = preSolution
	Debug|Any CPU = Debug|Any CPU
	ExportDebug|Any CPU = ExportDebug|Any CPU
	ExportRelease|Any CPU = ExportRelease|Any CPU
	EndGlobalSection
	GlobalSection(ProjectConfigurationPlatforms) = postSolution
		{BEBB7E05-924C-4A26-8F36-1A7A984C1577}.Debug|Any CPU.ActiveCfg = Debug|Any CPU
		{BEBB7E05-924C-4A26-8F36-1A7A984C1577}.Debug|Any CPU.Build.0 = Debug|Any CPU
		{BEBB7E05-924C-4A26-8F36-1A7A984C1577}.ExportDebug|Any CPU.ActiveCfg = ExportDebug|Any CPU
		{BEBB7E05-924C-4A26-8F36-1A7A984C1577}.ExportDebug|Any CPU.Build.0 = ExportDebug|Any CPU
		{BEBB7E05-924C-4A26-8F36-1A7A984C1577}.ExportRelease|Any CPU.ActiveCfg = ExportRelease|Any CPU
		{BEBB7E05-924C-4A26-8F36-1A7A984C1577}.ExportRelease|Any CPU.Build.0 = ExportRelease|Any CPU
	EndGlobalSection
EndGlobal
